// !$*UTF8*$!
{
	archiveVersion = 1;
	classes = {
	};
	objectVersion = 50;
	objects = {

/* Begin PBXBuildFile section */
		8171F9A525433A6E0073E16D /* NeumorphismApp.swift in Sources */ = {isa = PBXBuildFile; fileRef = 8171F9A425433A6E0073E16D /* NeumorphismApp.swift */; };
		8171F9A725433A6E0073E16D /* ContentView.swift in Sources */ = {isa = PBXBuildFile; fileRef = 8171F9A625433A6E0073E16D /* ContentView.swift */; };
		8171F9A925433A6F0073E16D /* Assets.xcassets in Resources */ = {isa = PBXBuildFile; fileRef = 8171F9A825433A6F0073E16D /* Assets.xcassets */; };
		8171F9AC25433A6F0073E16D /* Preview Assets.xcassets in Resources */ = {isa = PBXBuildFile; fileRef = 8171F9AB25433A6F0073E16D /* Preview Assets.xcassets */; };
		8171F9B725433A6F0073E16D /* NeumorphismTests.swift in Sources */ = {isa = PBXBuildFile; fileRef = 8171F9B625433A6F0073E16D /* NeumorphismTests.swift */; };
		8171F9C225433A6F0073E16D /* NeumorphismUITests.swift in Sources */ = {isa = PBXBuildFile; fileRef = 8171F9C125433A6F0073E16D /* NeumorphismUITests.swift */; };
/* End PBXBuildFile section */

/* Begin PBXContainerItemProxy section */
		8171F9B325433A6F0073E16D /* PBXContainerItemProxy */ = {
			isa = PBXContainerItemProxy;
			containerPortal = 8171F99925433A6E0073E16D /* Project object */;
			proxyType = 1;
			remoteGlobalIDString = 8171F9A025433A6E0073E16D;
			remoteInfo = Neumorphism;
		};
		8171F9BE25433A6F0073E16D /* PBXContainerItemProxy */ = {
			isa = PBXContainerItemProxy;
			containerPortal = 8171F99925433A6E0073E16D /* Project object */;
			proxyType = 1;
			remoteGlobalIDString = 8171F9A025433A6E0073E16D;
			remoteInfo = Neumorphism;
		};
/* End PBXContainerItemProxy section */

/* Begin PBXFileReference section */
		8171F9A125433A6E0073E16D /* Neumorphism.app */ = {isa = PBXFileReference; explicitFileType = wrapper.application; includeInIndex = 0; path = Neumorphism.app; sourceTree = BUILT_PRODUCTS_DIR; };
		8171F9A425433A6E0073E16D /* NeumorphismApp.swift */ = {isa = PBXFileReference; lastKnownFileType = sourcecode.swift; path = NeumorphismApp.swift; sourceTree = "<group>"; };
		8171F9A625433A6E0073E16D /* ContentView.swift */ = {isa = PBXFileReference; lastKnownFileType = sourcecode.swift; path = ContentView.swift; sourceTree = "<group>"; };
		8171F9A825433A6F0073E16D /* Assets.xcassets */ = {isa = PBXFileReference; lastKnownFileType = folder.assetcatalog; path = Assets.xcassets; sourceTree = "<group>"; };
		8171F9AB25433A6F0073E16D /* Preview Assets.xcassets */ = {isa = PBXFileReference; lastKnownFileType = folder.assetcatalog; path = "Preview Assets.xcassets"; sourceTree = "<group>"; };
		8171F9AD25433A6F0073E16D /* Info.plist */ = {isa = PBXFileReference; lastKnownFileType = text.plist.xml; path = Info.plist; sourceTree = "<group>"; };
		8171F9B225433A6F0073E16D /* NeumorphismTests.xctest */ = {isa = PBXFileReference; explicitFileType = wrapper.cfbundle; includeInIndex = 0; path = NeumorphismTests.xctest; sourceTree = BUILT_PRODUCTS_DIR; };
		8171F9B625433A6F0073E16D /* NeumorphismTests.swift */ = {isa = PBXFileReference; lastKnownFileType = sourcecode.swift; path = NeumorphismTests.swift; sourceTree = "<group>"; };
		8171F9B825433A6F0073E16D /* Info.plist */ = {isa = PBXFileReference; lastKnownFileType = text.plist.xml; path = Info.plist; sourceTree = "<group>"; };
		8171F9BD25433A6F0073E16D /* NeumorphismUITests.xctest */ = {isa = PBXFileReference; explicitFileType = wrapper.cfbundle; includeInIndex = 0; path = NeumorphismUITests.xctest; sourceTree = BUILT_PRODUCTS_DIR; };
		8171F9C125433A6F0073E16D /* NeumorphismUITests.swift */ = {isa = PBXFileReference; lastKnownFileType = sourcecode.swift; path = NeumorphismUITests.swift; sourceTree = "<group>"; };
		8171F9C325433A6F0073E16D /* Info.plist */ = {isa = PBXFileReference; lastKnownFileType = text.plist.xml; path = Info.plist; sourceTree = "<group>"; };
/* End PBXFileReference section */

/* Begin PBXFrameworksBuildPhase section */
		8171F99E25433A6E0073E16D /* Frameworks */ = {
			isa = PBXFrameworksBuildPhase;
			buildActionMask = 2147483647;
			files = (
			);
			runOnlyForDeploymentPostprocessing = 0;
		};
		8171F9AF25433A6F0073E16D /* Frameworks */ = {
			isa = PBXFrameworksBuildPhase;
			buildActionMask = 2147483647;
			files = (
			);
			runOnlyForDeploymentPostprocessing = 0;
		};
		8171F9BA25433A6F0073E16D /* Frameworks */ = {
			isa = PBXFrameworksBuildPhase;
			buildActionMask = 2147483647;
			files = (
			);
			runOnlyForDeploymentPostprocessing = 0;
		};
/* End PBXFrameworksBuildPhase section */

/* Begin PBXGroup section */
		8171F99825433A6E0073E16D = {
			isa = PBXGroup;
			children = (
				8171F9A325433A6E0073E16D /* Neumorphism */,
				8171F9B525433A6F0073E16D /* NeumorphismTests */,
				8171F9C025433A6F0073E16D /* NeumorphismUITests */,
				8171F9A225433A6E0073E16D /* Products */,
			);
			sourceTree = "<group>";
		};
		8171F9A225433A6E0073E16D /* Products */ = {
			isa = PBXGroup;
			children = (
				8171F9A125433A6E0073E16D /* Neumorphism.app */,
				8171F9B225433A6F0073E16D /* NeumorphismTests.xctest */,
				8171F9BD25433A6F0073E16D /* NeumorphismUITests.xctest */,
			);
			name = Products;
			sourceTree = "<group>";
		};
		8171F9A325433A6E0073E16D /* Neumorphism */ = {
			isa = PBXGroup;
			children = (
				8171F9A425433A6E0073E16D /* NeumorphismApp.swift */,
				8171F9A625433A6E0073E16D /* ContentView.swift */,
				8171F9A825433A6F0073E16D /* Assets.xcassets */,
				8171F9AD25433A6F0073E16D /* Info.plist */,
				8171F9AA25433A6F0073E16D /* Preview Content */,
			);
			path = Neumorphism;
			sourceTree = "<group>";
		};
		8171F9AA25433A6F0073E16D /* Preview Content */ = {
			isa = PBXGroup;
			children = (
				8171F9AB25433A6F0073E16D /* Preview Assets.xcassets */,
			);
			path = "Preview Content";
			sourceTree = "<group>";
		};
		8171F9B525433A6F0073E16D /* NeumorphismTests */ = {
			isa = PBXGroup;
			children = (
				8171F9B625433A6F0073E16D /* NeumorphismTests.swift */,
				8171F9B825433A6F0073E16D /* Info.plist */,
			);
			path = NeumorphismTests;
			sourceTree = "<group>";
		};
		8171F9C025433A6F0073E16D /* NeumorphismUITests */ = {
			isa = PBXGroup;
			children = (
				8171F9C125433A6F0073E16D /* NeumorphismUITests.swift */,
				8171F9C325433A6F0073E16D /* Info.plist */,
			);
			path = NeumorphismUITests;
			sourceTree = "<group>";
		};
/* End PBXGroup section */

/* Begin PBXNativeTarget section */
		8171F9A025433A6E0073E16D /* Neumorphism */ = {
			isa = PBXNativeTarget;
			buildConfigurationList = 8171F9C625433A6F0073E16D /* Build configuration list for PBXNativeTarget "Neumorphism" */;
			buildPhases = (
				8171F99D25433A6E0073E16D /* Sources */,
				8171F99E25433A6E0073E16D /* Frameworks */,
				8171F99F25433A6E0073E16D /* Resources */,
			);
			buildRules = (
			);
			dependencies = (
			);
			name = Neumorphism;
			productName = Neumorphism;
			productReference = 8171F9A125433A6E0073E16D /* Neumorphism.app */;
			productType = "com.apple.product-type.application";
		};
		8171F9B125433A6F0073E16D /* NeumorphismTests */ = {
			isa = PBXNativeTarget;
			buildConfigurationList = 8171F9C925433A6F0073E16D /* Build configuration list for PBXNativeTarget "NeumorphismTests" */;
			buildPhases = (
				8171F9AE25433A6F0073E16D /* Sources */,
				8171F9AF25433A6F0073E16D /* Frameworks */,
				8171F9B025433A6F0073E16D /* Resources */,
			);
			buildRules = (
			);
			dependencies = (
				8171F9B425433A6F0073E16D /* PBXTargetDependency */,
			);
			name = NeumorphismTests;
			productName = NeumorphismTests;
			productReference = 8171F9B225433A6F0073E16D /* NeumorphismTests.xctest */;
			productType = "com.apple.product-type.bundle.unit-test";
		};
		8171F9BC25433A6F0073E16D /* NeumorphismUITests */ = {
			isa = PBXNativeTarget;
			buildConfigurationList = 8171F9CC25433A6F0073E16D /* Build configuration list for PBXNativeTarget "NeumorphismUITests" */;
			buildPhases = (
				8171F9B925433A6F0073E16D /* Sources */,
				8171F9BA25433A6F0073E16D /* Frameworks */,
				8171F9BB25433A6F0073E16D /* Resources */,
			);
			buildRules = (
			);
			dependencies = (
				8171F9BF25433A6F0073E16D /* PBXTargetDependency */,
			);
			name = NeumorphismUITests;
			productName = NeumorphismUITests;
			productReference = 8171F9BD25433A6F0073E16D /* NeumorphismUITests.xctest */;
			productType = "com.apple.product-type.bundle.ui-testing";
		};
/* End PBXNativeTarget section */

/* Begin PBXProject section */
		8171F99925433A6E0073E16D /* Project object */ = {
			isa = PBXProject;
			attributes = {
				LastSwiftUpdateCheck = 1200;
				LastUpgradeCheck = 1200;
				TargetAttributes = {
					8171F9A025433A6E0073E16D = {
						CreatedOnToolsVersion = 12.0.1;
					};
					8171F9B125433A6F0073E16D = {
						CreatedOnToolsVersion = 12.0.1;
						TestTargetID = 8171F9A025433A6E0073E16D;
					};
					8171F9BC25433A6F0073E16D = {
						CreatedOnToolsVersion = 12.0.1;
						TestTargetID = 8171F9A025433A6E0073E16D;
					};
				};
			};
			buildConfigurationList = 8171F99C25433A6E0073E16D /* Build configuration list for PBXProject "Neumorphism" */;
			compatibilityVersion = "Xcode 9.3";
			developmentRegion = en;
			hasScannedForEncodings = 0;
			knownRegions = (
				en,
				Base,
			);
			mainGroup = 8171F99825433A6E0073E16D;
			productRefGroup = 8171F9A225433A6E0073E16D /* Products */;
			projectDirPath = "";
			projectRoot = "";
			targets = (
				8171F9A025433A6E0073E16D /* Neumorphism */,
				8171F9B125433A6F0073E16D /* NeumorphismTests */,
				8171F9BC25433A6F0073E16D /* NeumorphismUITests */,
			);
		};
/* End PBXProject section */

/* Begin PBXResourcesBuildPhase section */
		8171F99F25433A6E0073E16D /* Resources */ = {
			isa = PBXResourcesBuildPhase;
			buildActionMask = 2147483647;
			files = (
				8171F9AC25433A6F0073E16D /* Preview Assets.xcassets in Resources */,
				8171F9A925433A6F0073E16D /* Assets.xcassets in Resources */,
			);
			runOnlyForDeploymentPostprocessing = 0;
		};
		8171F9B025433A6F0073E16D /* Resources */ = {
			isa = PBXResourcesBuildPhase;
			buildActionMask = 2147483647;
			files = (
			);
			runOnlyForDeploymentPostprocessing = 0;
		};
		8171F9BB25433A6F0073E16D /* Resources */ = {
			isa = PBXResourcesBuildPhase;
			buildActionMask = 2147483647;
			files = (
			);
			runOnlyForDeploymentPostprocessing = 0;
		};
/* End PBXResourcesBuildPhase section */

/* Begin PBXSourcesBuildPhase section */
		8171F99D25433A6E0073E16D /* Sources */ = {
			isa = PBXSourcesBuildPhase;
			buildActionMask = 2147483647;
			files = (
				8171F9A725433A6E0073E16D /* ContentView.swift in Sources */,
				8171F9A525433A6E0073E16D /* NeumorphismApp.swift in Sources */,
			);
			runOnlyForDeploymentPostprocessing = 0;
		};
		8171F9AE25433A6F0073E16D /* Sources */ = {
			isa = PBXSourcesBuildPhase;
			buildActionMask = 2147483647;
			files = (
				8171F9B725433A6F0073E16D /* NeumorphismTests.swift in Sources */,
			);
			runOnlyForDeploymentPostprocessing = 0;
		};
		8171F9B925433A6F0073E16D /* Sources */ = {
			isa = PBXSourcesBuildPhase;
			buildActionMask = 2147483647;
			files = (
				8171F9C225433A6F0073E16D /* NeumorphismUITests.swift in Sources */,
			);
			runOnlyForDeploymentPostprocessing = 0;
		};
/* End PBXSourcesBuildPhase section */

/* Begin PBXTargetDependency section */
		8171F9B425433A6F0073E16D /* PBXTargetDependency */ = {
			isa = PBXTargetDependency;
			target = 8171F9A025433A6E0073E16D /* Neumorphism */;
			targetProxy = 8171F9B325433A6F0073E16D /* PBXContainerItemProxy */;
		};
		8171F9BF25433A6F0073E16D /* PBXTargetDependency */ = {
			isa = PBXTargetDependency;
			target = 8171F9A025433A6E0073E16D /* Neumorphism */;
			targetProxy = 8171F9BE25433A6F0073E16D /* PBXContainerItemProxy */;
		};
/* End PBXTargetDependency section */

/* Begin XCBuildConfiguration section */
		8171F9C425433A6F0073E16D /* Debug */ = {
			isa = XCBuildConfiguration;
			buildSettings = {
				ALWAYS_SEARCH_USER_PATHS = NO;
				CLANG_ANALYZER_NONNULL = YES;
				CLANG_ANALYZER_NUMBER_OBJECT_CONVERSION = YES_AGGRESSIVE;
				CLANG_CXX_LANGUAGE_STANDARD = "gnu++14";
				CLANG_CXX_LIBRARY = "libc++";
				CLANG_ENABLE_MODULES = YES;
				CLANG_ENABLE_OBJC_ARC = YES;
				CLANG_ENABLE_OBJC_WEAK = YES;
				CLANG_WARN_BLOCK_CAPTURE_AUTORELEASING = YES;
				CLANG_WARN_BOOL_CONVERSION = YES;
				CLANG_WARN_COMMA = YES;
				CLANG_WARN_CONSTANT_CONVERSION = YES;
				CLANG_WARN_DEPRECATED_OBJC_IMPLEMENTATIONS = YES;
				CLANG_WARN_DIRECT_OBJC_ISA_USAGE = YES_ERROR;
				CLANG_WARN_DOCUMENTATION_COMMENTS = YES;
				CLANG_WARN_EMPTY_BODY = YES;
				CLANG_WARN_ENUM_CONVERSION = YES;
				CLANG_WARN_INFINITE_RECURSION = YES;
				CLANG_WARN_INT_CONVERSION = YES;
				CLANG_WARN_NON_LITERAL_NULL_CONVERSION = YES;
				CLANG_WARN_OBJC_IMPLICIT_RETAIN_SELF = YES;
				CLANG_WARN_OBJC_LITERAL_CONVERSION = YES;
				CLANG_WARN_OBJC_ROOT_CLASS = YES_ERROR;
				CLANG_WARN_QUOTED_INCLUDE_IN_FRAMEWORK_HEADER = YES;
				CLANG_WARN_RANGE_LOOP_ANALYSIS = YES;
				CLANG_WARN_STRICT_PROTOTYPES = YES;
				CLANG_WARN_SUSPICIOUS_MOVE = YES;
				CLANG_WARN_UNGUARDED_AVAILABILITY = YES_AGGRESSIVE;
				CLANG_WARN_UNREACHABLE_CODE = YES;
				CLANG_WARN__DUPLICATE_METHOD_MATCH = YES;
				COPY_PHASE_STRIP = NO;
				DEBUG_INFORMATION_FORMAT = dwarf;
				ENABLE_STRICT_OBJC_MSGSEND = YES;
				ENABLE_TESTABILITY = YES;
				GCC_C_LANGUAGE_STANDARD = gnu11;
				GCC_DYNAMIC_NO_PIC = NO;
				GCC_NO_COMMON_BLOCKS = YES;
				GCC_OPTIMIZATION_LEVEL = 0;
				GCC_PREPROCESSOR_DEFINITIONS = (
					"DEBUG=1",
					"$(inherited)",
				);
				GCC_WARN_64_TO_32_BIT_CONVERSION = YES;
				GCC_WARN_ABOUT_RETURN_TYPE = YES_ERROR;
				GCC_WARN_UNDECLARED_SELECTOR = YES;
				GCC_WARN_UNINITIALIZED_AUTOS = YES_AGGRESSIVE;
				GCC_WARN_UNUSED_FUNCTION = YES;
				GCC_WARN_UNUSED_VARIABLE = YES;
				IPHONEOS_DEPLOYMENT_TARGET = 14.0;
				MTL_ENABLE_DEBUG_INFO = INCLUDE_SOURCE;
				MTL_FAST_MATH = YES;
				ONLY_ACTIVE_ARCH = YES;
				SDKROOT = iphoneos;
				SWIFT_ACTIVE_COMPILATION_CONDITIONS = DEBUG;
				SWIFT_OPTIMIZATION_LEVEL = "-Onone";
			};
			name = Debug;
		};
		8171F9C525433A6F0073E16D /* Release */ = {
			isa = XCBuildConfiguration;
			buildSettings = {
				ALWAYS_SEARCH_USER_PATHS = NO;
				CLANG_ANALYZER_NONNULL = YES;
				CLANG_ANALYZER_NUMBER_OBJECT_CONVERSION = YES_AGGRESSIVE;
				CLANG_CXX_LANGUAGE_STANDARD = "gnu++14";
				CLANG_CXX_LIBRARY = "libc++";
				CLANG_ENABLE_MODULES = YES;
				CLANG_ENABLE_OBJC_ARC = YES;
				CLANG_ENABLE_OBJC_WEAK = YES;
				CLANG_WARN_BLOCK_CAPTURE_AUTORELEASING = YES;
				CLANG_WARN_BOOL_CONVERSION = YES;
				CLANG_WARN_COMMA = YES;
				CLANG_WARN_CONSTANT_CONVERSION = YES;
				CLANG_WARN_DEPRECATED_OBJC_IMPLEMENTATIONS = YES;
				CLANG_WARN_DIRECT_OBJC_ISA_USAGE = YES_ERROR;
				CLANG_WARN_DOCUMENTATION_COMMENTS = YES;
				CLANG_WARN_EMPTY_BODY = YES;
				CLANG_WARN_ENUM_CONVERSION = YES;
				CLANG_WARN_INFINITE_RECURSION = YES;
				CLANG_WARN_INT_CONVERSION = YES;
				CLANG_WARN_NON_LITERAL_NULL_CONVERSION = YES;
				CLANG_WARN_OBJC_IMPLICIT_RETAIN_SELF = YES;
				CLANG_WARN_OBJC_LITERAL_CONVERSION = YES;
				CLANG_WARN_OBJC_ROOT_CLASS = YES_ERROR;
				CLANG_WARN_QUOTED_INCLUDE_IN_FRAMEWORK_HEADER = YES;
				CLANG_WARN_RANGE_LOOP_ANALYSIS = YES;
				CLANG_WARN_STRICT_PROTOTYPES = YES;
				CLANG_WARN_SUSPICIOUS_MOVE = YES;
				CLANG_WARN_UNGUARDED_AVAILABILITY = YES_AGGRESSIVE;
				CLANG_WARN_UNREACHABLE_CODE = YES;
				CLANG_WARN__DUPLICATE_METHOD_MATCH = YES;
				COPY_PHASE_STRIP = NO;
				DEBUG_INFORMATION_FORMAT = "dwarf-with-dsym";
				ENABLE_NS_ASSERTIONS = NO;
				ENABLE_STRICT_OBJC_MSGSEND = YES;
				GCC_C_LANGUAGE_STANDARD = gnu11;
				GCC_NO_COMMON_BLOCKS = YES;
				GCC_WARN_64_TO_32_BIT_CONVERSION = YES;
				GCC_WARN_ABOUT_RETURN_TYPE = YES_ERROR;
				GCC_WARN_UNDECLARED_SELECTOR = YES;
				GCC_WARN_UNINITIALIZED_AUTOS = YES_AGGRESSIVE;
				GCC_WARN_UNUSED_FUNCTION = YES;
				GCC_WARN_UNUSED_VARIABLE = YES;
				IPHONEOS_DEPLOYMENT_TARGET = 14.0;
				MTL_ENABLE_DEBUG_INFO = NO;
				MTL_FAST_MATH = YES;
				SDKROOT = iphoneos;
				SWIFT_COMPILATION_MODE = wholemodule;
				SWIFT_OPTIMIZATION_LEVEL = "-O";
				VALIDATE_PRODUCT = YES;
			};
			name = Release;
		};
		8171F9C725433A6F0073E16D /* Debug */ = {
			isa = XCBuildConfiguration;
			buildSettings = {
				ASSETCATALOG_COMPILER_APPICON_NAME = AppIcon;
				ASSETCATALOG_COMPILER_GLOBAL_ACCENT_COLOR_NAME = AccentColor;
				CODE_SIGN_STYLE = Automatic;
				DEVELOPMENT_ASSET_PATHS = "\"Neumorphism/Preview Content\"";
				DEVELOPMENT_TEAM = AFHKP8C693;
				ENABLE_PREVIEWS = YES;
				INFOPLIST_FILE = Neumorphism/Info.plist;
				IPHONEOS_DEPLOYMENT_TARGET = 14.0;
				LD_RUNPATH_SEARCH_PATHS = (
					"$(inherited)",
					"@executable_path/Frameworks",
				);
				PRODUCT_BUNDLE_IDENTIFIER = Vardia.Neumorphism;
				PRODUCT_NAME = "$(TARGET_NAME)";
				SWIFT_VERSION = 5.0;
				TARGETED_DEVICE_FAMILY = "1,2";
			};
			name = Debug;
		};
		8171F9C825433A6F0073E16D /* Release */ = {
			isa = XCBuildConfiguration;
			buildSettings = {
				ASSETCATALOG_COMPILER_APPICON_NAME = AppIcon;
				ASSETCATALOG_COMPILER_GLOBAL_ACCENT_COLOR_NAME = AccentColor;
				CODE_SIGN_STYLE = Automatic;
				DEVELOPMENT_ASSET_PATHS = "\"Neumorphism/Preview Content\"";
				DEVELOPMENT_TEAM = AFHKP8C693;
				ENABLE_PREVIEWS = YES;
				INFOPLIST_FILE = Neumorphism/Info.plist;
				IPHONEOS_DEPLOYMENT_TARGET = 14.0;
				LD_RUNPATH_SEARCH_PATHS = (
					"$(inherited)",
					"@executable_path/Frameworks",
				);
				PRODUCT_BUNDLE_IDENTIFIER = Vardia.Neumorphism;
				PRODUCT_NAME = "$(TARGET_NAME)";
				SWIFT_VERSION = 5.0;
				TARGETED_DEVICE_FAMILY = "1,2";
			};
			name = Release;
		};
		8171F9CA25433A6F0073E16D /* Debug */ = {
			isa = XCBuildConfiguration;
			buildSettings = {
				ALWAYS_EMBED_SWIFT_STANDARD_LIBRARIES = YES;
				BUNDLE_LOADER = "$(TEST_HOST)";
				CODE_SIGN_STYLE = Automatic;
				INFOPLIST_FILE = NeumorphismTests/Info.plist;
				IPHONEOS_DEPLOYMENT_TARGET = 14.0;
				LD_RUNPATH_SEARCH_PATHS = (
					"$(inherited)",
					"@executable_path/Frameworks",
					"@loader_path/Frameworks",
				);
				PRODUCT_BUNDLE_IDENTIFIER = Vardia.NeumorphismTests;
				PRODUCT_NAME = "$(TARGET_NAME)";
				SWIFT_VERSION = 5.0;
				TARGETED_DEVICE_FAMILY = "1,2";
				TEST_HOST = "$(BUILT_PRODUCTS_DIR)/Neumorphism.app/Neumorphism";
			};
			name = Debug;
		};
		8171F9CB25433A6F0073E16D /* Release */ = {
			isa = XCBuildConfiguration;
			buildSettings = {
				ALWAYS_EMBED_SWIFT_STANDARD_LIBRARIES = YES;
				BUNDLE_LOADER = "$(TEST_HOST)";
				CODE_SIGN_STYLE = Automatic;
				INFOPLIST_FILE = NeumorphismTests/Info.plist;
				IPHONEOS_DEPLOYMENT_TARGET = 14.0;
				LD_RUNPATH_SEARCH_PATHS = (
					"$(inherited)",
					"@executable_path/Frameworks",
					"@loader_path/Frameworks",
				);
				PRODUCT_BUNDLE_IDENTIFIER = Vardia.NeumorphismTests;
				PRODUCT_NAME = "$(TARGET_NAME)";
				SWIFT_VERSION = 5.0;
				TARGETED_DEVICE_FAMILY = "1,2";
				TEST_HOST = "$(BUILT_PRODUCTS_DIR)/Neumorphism.app/Neumorphism";
			};
			name = Release;
		};
		8171F9CD25433A6F0073E16D /* Debug */ = {
			isa = XCBuildConfiguration;
			buildSettings = {
				ALWAYS_EMBED_SWIFT_STANDARD_LIBRARIES = YES;
				CODE_SIGN_STYLE = Automatic;
				INFOPLIST_FILE = NeumorphismUITests/Info.plist;
				LD_RUNPATH_SEARCH_PATHS = (
					"$(inherited)",
					"@executable_path/Frameworks",
					"@loader_path/Frameworks",
				);
				PRODUCT_BUNDLE_IDENTIFIER = Vardia.NeumorphismUITests;
				PRODUCT_NAME = "$(TARGET_NAME)";
				SWIFT_VERSION = 5.0;
				TARGETED_DEVICE_FAMILY = "1,2";
				TEST_TARGET_NAME = Neumorphism;
			};
			name = Debug;
		};
		8171F9CE25433A6F0073E16D /* Release */ = {
			isa = XCBuildConfiguration;
			buildSettings = {
				ALWAYS_EMBED_SWIFT_STANDARD_LIBRARIES = YES;
				CODE_SIGN_STYLE = Automatic;
				INFOPLIST_FILE = NeumorphismUITests/Info.plist;
				LD_RUNPATH_SEARCH_PATHS = (
					"$(inherited)",
					"@executable_path/Frameworks",
					"@loader_path/Frameworks",
				);
				PRODUCT_BUNDLE_IDENTIFIER = Vardia.NeumorphismUITests;
				PRODUCT_NAME = "$(TARGET_NAME)";
				SWIFT_VERSION = 5.0;
				TARGETED_DEVICE_FAMILY = "1,2";
				TEST_TARGET_NAME = Neumorphism;
			};
			name = Release;
		};
/* End XCBuildConfiguration section */

/* Begin XCConfigurationList section */
		8171F99C25433A6E0073E16D /* Build configuration list for PBXProject "Neumorphism" */ = {
			isa = XCConfigurationList;
			buildConfigurations = (
				8171F9C425433A6F0073E16D /* Debug */,
				8171F9C525433A6F0073E16D /* Release */,
			);
			defaultConfigurationIsVisible = 0;
			defaultConfigurationName = Release;
		};
		8171F9C625433A6F0073E16D /* Build configuration list for PBXNativeTarget "Neumorphism" */ = {
			isa = XCConfigurationList;
			buildConfigurations = (
				8171F9C725433A6F0073E16D /* Debug */,
				8171F9C825433A6F0073E16D /* Release */,
			);
			defaultConfigurationIsVisible = 0;
			defaultConfigurationName = Release;
		};
		8171F9C925433A6F0073E16D /* Build configuration list for PBXNativeTarget "NeumorphismTests" */ = {
			isa = XCConfigurationList;
			buildConfigurations = (
				8171F9CA25433A6F0073E16D /* Debug */,
				8171F9CB25433A6F0073E16D /* Release */,
			);
			defaultConfigurationIsVisible = 0;
			defaultConfigurationName = Release;
		};
		8171F9CC25433A6F0073E16D /* Build configuration list for PBXNativeTarget "NeumorphismUITests" */ = {
			isa = XCConfigurationList;
			buildConfigurations = (
				8171F9CD25433A6F0073E16D /* Debug */,
				8171F9CE25433A6F0073E16D /* Release */,
			);
			defaultConfigurationIsVisible = 0;
			defaultConfigurationName = Release;
		};
/* End XCConfigurationList section */
	};
	rootObject = 8171F99925433A6E0073E16D /* Project object */;
}
